// !$*UTF8*$!
{
	archiveVersion = 1;
	classes = {
	};
	objectVersion = 55;
	objects = {

/* Begin PBXBuildFile section */
		805506C52721EF5600C52DA0 /* Favourite_ThingsApp.swift in Sources */ = {isa = PBXBuildFile; fileRef = 805506C42721EF5600C52DA0 /* Favourite_ThingsApp.swift */; };
		805506C92721EF5D00C52DA0 /* Assets.xcassets in Resources */ = {isa = PBXBuildFile; fileRef = 805506C82721EF5D00C52DA0 /* Assets.xcassets */; };
		805506CC2721EF5E00C52DA0 /* Preview Assets.xcassets in Resources */ = {isa = PBXBuildFile; fileRef = 805506CB2721EF5E00C52DA0 /* Preview Assets.xcassets */; };
		805506D32721F4A500C52DA0 /* MaxView.swift in Sources */ = {isa = PBXBuildFile; fileRef = 805506D22721F4A500C52DA0 /* MaxView.swift */; };
		805506D52721F61B00C52DA0 /* FOODView.swift in Sources */ = {isa = PBXBuildFile; fileRef = 805506D42721F61B00C52DA0 /* FOODView.swift */; };
		80D795F7272854C000C8F00C /* FavouriteThingsListView.swift in Sources */ = {isa = PBXBuildFile; fileRef = 80D795F6272854C000C8F00C /* FavouriteThingsListView.swift */; };
		80D795F9272861E900C8F00C /* LittleRiceView.swift in Sources */ = {isa = PBXBuildFile; fileRef = 80D795F8272861E900C8F00C /* LittleRiceView.swift */; };
		80D795FB2728645100C8F00C /* IcecreamView.swift in Sources */ = {isa = PBXBuildFile; fileRef = 80D795FA2728645100C8F00C /* IcecreamView.swift */; };
		80D7961A2734591F00C8F00C /* FogView.swift in Sources */ = {isa = PBXBuildFile; fileRef = 80D796192734591F00C8F00C /* FogView.swift */; };
		80D7961C2734598B00C8F00C /* AngelView.swift in Sources */ = {isa = PBXBuildFile; fileRef = 80D7961B2734598A00C8F00C /* AngelView.swift */; };
		80D7961F27345EF300C8F00C /* PhotoCaptionView.swift in Sources */ = {isa = PBXBuildFile; fileRef = 80D7961E27345EF300C8F00C /* PhotoCaptionView.swift */; };
		80D7962127396BF100C8F00C /* ListItemView.swift in Sources */ = {isa = PBXBuildFile; fileRef = 80D7962027396BF100C8F00C /* ListItemView.swift */; };
/* End PBXBuildFile section */

/* Begin PBXFileReference section */
		805506C12721EF5600C52DA0 /* Favourite Things.app */ = {isa = PBXFileReference; explicitFileType = wrapper.application; includeInIndex = 0; path = "Favourite Things.app"; sourceTree = BUILT_PRODUCTS_DIR; };
		805506C42721EF5600C52DA0 /* Favourite_ThingsApp.swift */ = {isa = PBXFileReference; lastKnownFileType = sourcecode.swift; path = Favourite_ThingsApp.swift; sourceTree = "<group>"; };
		805506C82721EF5D00C52DA0 /* Assets.xcassets */ = {isa = PBXFileReference; lastKnownFileType = folder.assetcatalog; path = Assets.xcassets; sourceTree = "<group>"; };
		805506CB2721EF5E00C52DA0 /* Preview Assets.xcassets */ = {isa = PBXFileReference; lastKnownFileType = folder.assetcatalog; path = "Preview Assets.xcassets"; sourceTree = "<group>"; };
		805506D22721F4A500C52DA0 /* MaxView.swift */ = {isa = PBXFileReference; lastKnownFileType = sourcecode.swift; path = MaxView.swift; sourceTree = "<group>"; };
		805506D42721F61B00C52DA0 /* FOODView.swift */ = {isa = PBXFileReference; lastKnownFileType = sourcecode.swift; path = FOODView.swift; sourceTree = "<group>"; };
		80D795F6272854C000C8F00C /* FavouriteThingsListView.swift */ = {isa = PBXFileReference; lastKnownFileType = sourcecode.swift; path = FavouriteThingsListView.swift; sourceTree = "<group>"; };
		80D795F8272861E900C8F00C /* LittleRiceView.swift */ = {isa = PBXFileReference; lastKnownFileType = sourcecode.swift; path = LittleRiceView.swift; sourceTree = "<group>"; };
		80D795FA2728645100C8F00C /* IcecreamView.swift */ = {isa = PBXFileReference; lastKnownFileType = sourcecode.swift; path = IcecreamView.swift; sourceTree = "<group>"; };
		80D796192734591F00C8F00C /* FogView.swift */ = {isa = PBXFileReference; lastKnownFileType = sourcecode.swift; path = FogView.swift; sourceTree = "<group>"; };
		80D7961B2734598A00C8F00C /* AngelView.swift */ = {isa = PBXFileReference; lastKnownFileType = sourcecode.swift; path = AngelView.swift; sourceTree = "<group>"; };
		80D7961E27345EF300C8F00C /* PhotoCaptionView.swift */ = {isa = PBXFileReference; lastKnownFileType = sourcecode.swift; path = PhotoCaptionView.swift; sourceTree = "<group>"; };
		80D7962027396BF100C8F00C /* ListItemView.swift */ = {isa = PBXFileReference; lastKnownFileType = sourcecode.swift; path = ListItemView.swift; sourceTree = "<group>"; };
/* End PBXFileReference section */

/* Begin PBXFrameworksBuildPhase section */
		805506BE2721EF5600C52DA0 /* Frameworks */ = {
			isa = PBXFrameworksBuildPhase;
			buildActionMask = 2147483647;
			files = (
			);
			runOnlyForDeploymentPostprocessing = 0;
		};
/* End PBXFrameworksBuildPhase section */

/* Begin PBXGroup section */
		805506B82721EF5600C52DA0 = {
			isa = PBXGroup;
			children = (
				805506C32721EF5600C52DA0 /* Favourite Things */,
				805506C22721EF5600C52DA0 /* Products */,
			);
			sourceTree = "<group>";
		};
		805506C22721EF5600C52DA0 /* Products */ = {
			isa = PBXGroup;
			children = (
				805506C12721EF5600C52DA0 /* Favourite Things.app */,
			);
			name = Products;
			sourceTree = "<group>";
		};
		805506C32721EF5600C52DA0 /* Favourite Things */ = {
			isa = PBXGroup;
			children = (
				805506C42721EF5600C52DA0 /* Favourite_ThingsApp.swift */,
				80D795F527284FA300C8F00C /* Views */,
				805506C82721EF5D00C52DA0 /* Assets.xcassets */,
				805506CA2721EF5E00C52DA0 /* Preview Content */,
			);
			path = "Favourite Things";
			sourceTree = "<group>";
		};
		805506CA2721EF5E00C52DA0 /* Preview Content */ = {
			isa = PBXGroup;
			children = (
				805506CB2721EF5E00C52DA0 /* Preview Assets.xcassets */,
			);
			path = "Preview Content";
			sourceTree = "<group>";
		};
		80D795F527284FA300C8F00C /* Views */ = {
			isa = PBXGroup;
			children = (
				80D7961D27345EA500C8F00C /* Share */,
				80D795F6272854C000C8F00C /* FavouriteThingsListView.swift */,
				80D7961B2734598A00C8F00C /* AngelView.swift */,
				805506D22721F4A500C52DA0 /* MaxView.swift */,
				805506D42721F61B00C52DA0 /* FOODView.swift */,
				80D795FA2728645100C8F00C /* IcecreamView.swift */,
				80D796192734591F00C8F00C /* FogView.swift */,
				80D795F8272861E900C8F00C /* LittleRiceView.swift */,
			);
			path = Views;
			sourceTree = "<group>";
		};
		80D7961D27345EA500C8F00C /* Share */ = {
			isa = PBXGroup;
			children = (
				80D7961E27345EF300C8F00C /* PhotoCaptionView.swift */,
				80D7962027396BF100C8F00C /* ListItemView.swift */,
			);
			path = Share;
			sourceTree = "<group>";
		};
/* End PBXGroup section */

/* Begin PBXNativeTarget section */
		805506C02721EF5600C52DA0 /* Favourite Things */ = {
			isa = PBXNativeTarget;
			buildConfigurationList = 805506CF2721EF5E00C52DA0 /* Build configuration list for PBXNativeTarget "Favourite Things" */;
			buildPhases = (
				805506BD2721EF5600C52DA0 /* Sources */,
				805506BE2721EF5600C52DA0 /* Frameworks */,
				805506BF2721EF5600C52DA0 /* Resources */,
			);
			buildRules = (
			);
			dependencies = (
			);
			name = "Favourite Things";
			productName = "Favourite Things";
			productReference = 805506C12721EF5600C52DA0 /* Favourite Things.app */;
			productType = "com.apple.product-type.application";
		};
/* End PBXNativeTarget section */

/* Begin PBXProject section */
		805506B92721EF5600C52DA0 /* Project object */ = {
			isa = PBXProject;
			attributes = {
				BuildIndependentTargetsInParallel = 1;
				LastSwiftUpdateCheck = 1300;
				LastUpgradeCheck = 1300;
				TargetAttributes = {
					805506C02721EF5600C52DA0 = {
						CreatedOnToolsVersion = 13.0;
					};
				};
			};
			buildConfigurationList = 805506BC2721EF5600C52DA0 /* Build configuration list for PBXProject "Favourite Things" */;
			compatibilityVersion = "Xcode 13.0";
			developmentRegion = en;
			hasScannedForEncodings = 0;
			knownRegions = (
				en,
				Base,
			);
			mainGroup = 805506B82721EF5600C52DA0;
			productRefGroup = 805506C22721EF5600C52DA0 /* Products */;
			projectDirPath = "";
			projectRoot = "";
			targets = (
				805506C02721EF5600C52DA0 /* Favourite Things */,
			);
		};
/* End PBXProject section */

/* Begin PBXResourcesBuildPhase section */
		805506BF2721EF5600C52DA0 /* Resources */ = {
			isa = PBXResourcesBuildPhase;
			buildActionMask = 2147483647;
			files = (
				805506CC2721EF5E00C52DA0 /* Preview Assets.xcassets in Resources */,
				805506C92721EF5D00C52DA0 /* Assets.xcassets in Resources */,
			);
			runOnlyForDeploymentPostprocessing = 0;
		};
/* End PBXResourcesBuildPhase section */

/* Begin PBXSourcesBuildPhase section */
		805506BD2721EF5600C52DA0 /* Sources */ = {
			isa = PBXSourcesBuildPhase;
			buildActionMask = 2147483647;
			files = (
				805506D52721F61B00C52DA0 /* FOODView.swift in Sources */,
				80D795F7272854C000C8F00C /* FavouriteThingsListView.swift in Sources */,
				80D795F9272861E900C8F00C /* LittleRiceView.swift in Sources */,
				80D795FB2728645100C8F00C /* IcecreamView.swift in Sources */,
				80D7962127396BF100C8F00C /* ListItemView.swift in Sources */,
				80D7961A2734591F00C8F00C /* FogView.swift in Sources */,
				80D7961F27345EF300C8F00C /* PhotoCaptionView.swift in Sources */,
				805506C52721EF5600C52DA0 /* Favourite_ThingsApp.swift in Sources */,
				80D7961C2734598B00C8F00C /* AngelView.swift in Sources */,
				805506D32721F4A500C52DA0 /* MaxView.swift in Sources */,
			);
			runOnlyForDeploymentPostprocessing = 0;
		};
/* End PBXSourcesBuildPhase section */

/* Begin XCBuildConfiguration section */
		805506CD2721EF5E00C52DA0 /* Debug */ = {
			isa = XCBuildConfiguration;
			buildSettings = {
				ALWAYS_SEARCH_USER_PATHS = NO;
				CLANG_ANALYZER_NONNULL = YES;
				CLANG_ANALYZER_NUMBER_OBJECT_CONVERSION = YES_AGGRESSIVE;
				CLANG_CXX_LANGUAGE_STANDARD = "gnu++17";
				CLANG_CXX_LIBRARY = "libc++";
				CLANG_ENABLE_MODULES = YES;
				CLANG_ENABLE_OBJC_ARC = YES;
				CLANG_ENABLE_OBJC_WEAK = YES;
				CLANG_WARN_BLOCK_CAPTURE_AUTORELEASING = YES;
				CLANG_WARN_BOOL_CONVERSION = YES;
				CLANG_WARN_COMMA = YES;
				CLANG_WARN_CONSTANT_CONVERSION = YES;
				CLANG_WARN_DEPRECATED_OBJC_IMPLEMENTATIONS = YES;
				CLANG_WARN_DIRECT_OBJC_ISA_USAGE = YES_ERROR;
				CLANG_WARN_DOCUMENTATION_COMMENTS = YES;
				CLANG_WARN_EMPTY_BODY = YES;
				CLANG_WARN_ENUM_CONVERSION = YES;
				CLANG_WARN_INFINITE_RECURSION = YES;
				CLANG_WARN_INT_CONVERSION = YES;
				CLANG_WARN_NON_LITERAL_NULL_CONVERSION = YES;
				CLANG_WARN_OBJC_IMPLICIT_RETAIN_SELF = YES;
				CLANG_WARN_OBJC_LITERAL_CONVERSION = YES;
				CLANG_WARN_OBJC_ROOT_CLASS = YES_ERROR;
				CLANG_WARN_QUOTED_INCLUDE_IN_FRAMEWORK_HEADER = YES;
				CLANG_WARN_RANGE_LOOP_ANALYSIS = YES;
				CLANG_WARN_STRICT_PROTOTYPES = YES;
				CLANG_WARN_SUSPICIOUS_MOVE = YES;
				CLANG_WARN_UNGUARDED_AVAILABILITY = YES_AGGRESSIVE;
				CLANG_WARN_UNREACHABLE_CODE = YES;
				CLANG_WARN__DUPLICATE_METHOD_MATCH = YES;
				COPY_PHASE_STRIP = NO;
				DEBUG_INFORMATION_FORMAT = dwarf;
				ENABLE_STRICT_OBJC_MSGSEND = YES;
				ENABLE_TESTABILITY = YES;
				GCC_C_LANGUAGE_STANDARD = gnu11;
				GCC_DYNAMIC_NO_PIC = NO;
				GCC_NO_COMMON_BLOCKS = YES;
				GCC_OPTIMIZATION_LEVEL = 0;
				GCC_PREPROCESSOR_DEFINITIONS = (
					"DEBUG=1",
					"$(inherited)",
				);
				GCC_WARN_64_TO_32_BIT_CONVERSION = YES;
				GCC_WARN_ABOUT_RETURN_TYPE = YES_ERROR;
				GCC_WARN_UNDECLARED_SELECTOR = YES;
				GCC_WARN_UNINITIALIZED_AUTOS = YES_AGGRESSIVE;
				GCC_WARN_UNUSED_FUNCTION = YES;
				GCC_WARN_UNUSED_VARIABLE = YES;
				IPHONEOS_DEPLOYMENT_TARGET = 15.0;
				MTL_ENABLE_DEBUG_INFO = INCLUDE_SOURCE;
				MTL_FAST_MATH = YES;
				ONLY_ACTIVE_ARCH = YES;
				SDKROOT = iphoneos;
				SWIFT_ACTIVE_COMPILATION_CONDITIONS = DEBUG;
				SWIFT_OPTIMIZATION_LEVEL = "-Onone";
			};
			name = Debug;
		};
		805506CE2721EF5E00C52DA0 /* Release */ = {
			isa = XCBuildConfiguration;
			buildSettings = {
				ALWAYS_SEARCH_USER_PATHS = NO;
				CLANG_ANALYZER_NONNULL = YES;
				CLANG_ANALYZER_NUMBER_OBJECT_CONVERSION = YES_AGGRESSIVE;
				CLANG_CXX_LANGUAGE_STANDARD = "gnu++17";
				CLANG_CXX_LIBRARY = "libc++";
				CLANG_ENABLE_MODULES = YES;
				CLANG_ENABLE_OBJC_ARC = YES;
				CLANG_ENABLE_OBJC_WEAK = YES;
				CLANG_WARN_BLOCK_CAPTURE_AUTORELEASING = YES;
				CLANG_WARN_BOOL_CONVERSION = YES;
				CLANG_WARN_COMMA = YES;
				CLANG_WARN_CONSTANT_CONVERSION = YES;
				CLANG_WARN_DEPRECATED_OBJC_IMPLEMENTATIONS = YES;
				CLANG_WARN_DIRECT_OBJC_ISA_USAGE = YES_ERROR;
				CLANG_WARN_DOCUMENTATION_COMMENTS = YES;
				CLANG_WARN_EMPTY_BODY = YES;
				CLANG_WARN_ENUM_CONVERSION = YES;
				CLANG_WARN_INFINITE_RECURSION = YES;
				CLANG_WARN_INT_CONVERSION = YES;
				CLANG_WARN_NON_LITERAL_NULL_CONVERSION = YES;
				CLANG_WARN_OBJC_IMPLICIT_RETAIN_SELF = YES;
				CLANG_WARN_OBJC_LITERAL_CONVERSION = YES;
				CLANG_WARN_OBJC_ROOT_CLASS = YES_ERROR;
				CLANG_WARN_QUOTED_INCLUDE_IN_FRAMEWORK_HEADER = YES;
				CLANG_WARN_RANGE_LOOP_ANALYSIS = YES;
				CLANG_WARN_STRICT_PROTOTYPES = YES;
				CLANG_WARN_SUSPICIOUS_MOVE = YES;
				CLANG_WARN_UNGUARDED_AVAILABILITY = YES_AGGRESSIVE;
				CLANG_WARN_UNREACHABLE_CODE = YES;
				CLANG_WARN__DUPLICATE_METHOD_MATCH = YES;
				COPY_PHASE_STRIP = NO;
				DEBUG_INFORMATION_FORMAT = "dwarf-with-dsym";
				ENABLE_NS_ASSERTIONS = NO;
				ENABLE_STRICT_OBJC_MSGSEND = YES;
				GCC_C_LANGUAGE_STANDARD = gnu11;
				GCC_NO_COMMON_BLOCKS = YES;
				GCC_WARN_64_TO_32_BIT_CONVERSION = YES;
				GCC_WARN_ABOUT_RETURN_TYPE = YES_ERROR;
				GCC_WARN_UNDECLARED_SELECTOR = YES;
				GCC_WARN_UNINITIALIZED_AUTOS = YES_AGGRESSIVE;
				GCC_WARN_UNUSED_FUNCTION = YES;
				GCC_WARN_UNUSED_VARIABLE = YES;
				IPHONEOS_DEPLOYMENT_TARGET = 15.0;
				MTL_ENABLE_DEBUG_INFO = NO;
				MTL_FAST_MATH = YES;
				SDKROOT = iphoneos;
				SWIFT_COMPILATION_MODE = wholemodule;
				SWIFT_OPTIMIZATION_LEVEL = "-O";
				VALIDATE_PRODUCT = YES;
			};
			name = Release;
		};
		805506D02721EF5E00C52DA0 /* Debug */ = {
			isa = XCBuildConfiguration;
			buildSettings = {
				ASSETCATALOG_COMPILER_APPICON_NAME = AppIcon;
				ASSETCATALOG_COMPILER_GLOBAL_ACCENT_COLOR_NAME = AccentColor;
				CODE_SIGN_STYLE = Automatic;
				CURRENT_PROJECT_VERSION = 1;
				DEVELOPMENT_ASSET_PATHS = "\"Favourite Things/Preview Content\"";
				ENABLE_PREVIEWS = YES;
				GENERATE_INFOPLIST_FILE = YES;
				INFOPLIST_KEY_UIApplicationSceneManifest_Generation = YES;
				INFOPLIST_KEY_UIApplicationSupportsIndirectInputEvents = YES;
				INFOPLIST_KEY_UILaunchScreen_Generation = YES;
				INFOPLIST_KEY_UISupportedInterfaceOrientations_iPad = "UIInterfaceOrientationPortrait UIInterfaceOrientationPortraitUpsideDown UIInterfaceOrientationLandscapeLeft UIInterfaceOrientationLandscapeRight";
				INFOPLIST_KEY_UISupportedInterfaceOrientations_iPhone = "UIInterfaceOrientationPortrait UIInterfaceOrientationLandscapeLeft UIInterfaceOrientationLandscapeRight";
				IPHONEOS_DEPLOYMENT_TARGET = 14.0;
				LD_RUNPATH_SEARCH_PATHS = (
					"$(inherited)",
					"@executable_path/Frameworks",
				);
				MARKETING_VERSION = 1.0;
				PRODUCT_BUNDLE_IDENTIFIER = "ca.suzanne.Favourite-Things";
				PRODUCT_NAME = "$(TARGET_NAME)";
				SWIFT_EMIT_LOC_STRINGS = YES;
				SWIFT_VERSION = 5.0;
				TARGETED_DEVICE_FAMILY = "1,2";
			};
			name = Debug;
		};
		805506D12721EF5E00C52DA0 /* Release */ = {
			isa = XCBuildConfiguration;
			buildSettings = {
				ASSETCATALOG_COMPILER_APPICON_NAME = AppIcon;
				ASSETCATALOG_COMPILER_GLOBAL_ACCENT_COLOR_NAME = AccentColor;
				CODE_SIGN_STYLE = Automatic;
				CURRENT_PROJECT_VERSION = 1;
				DEVELOPMENT_ASSET_PATHS = "\"Favourite Things/Preview Content\"";
				ENABLE_PREVIEWS = YES;
				GENERATE_INFOPLIST_FILE = YES;
				INFOPLIST_KEY_UIApplicationSceneManifest_Generation = YES;
				INFOPLIST_KEY_UIApplicationSupportsIndirectInputEvents = YES;
				INFOPLIST_KEY_UILaunchScreen_Generation = YES;
				INFOPLIST_KEY_UISupportedInterfaceOrientations_iPad = "UIInterfaceOrientationPortrait UIInterfaceOrientationPortraitUpsideDown UIInterfaceOrientationLandscapeLeft UIInterfaceOrientationLandscapeRight";
				INFOPLIST_KEY_UISupportedInterfaceOrientations_iPhone = "UIInterfaceOrientationPortrait UIInterfaceOrientationLandscapeLeft UIInterfaceOrientationLandscapeRight";
				IPHONEOS_DEPLOYMENT_TARGET = 14.0;
				LD_RUNPATH_SEARCH_PATHS = (
					"$(inherited)",
					"@executable_path/Frameworks",
				);
				MARKETING_VERSION = 1.0;
				PRODUCT_BUNDLE_IDENTIFIER = "ca.suzanne.Favourite-Things";
				PRODUCT_NAME = "$(TARGET_NAME)";
				SWIFT_EMIT_LOC_STRINGS = YES;
				SWIFT_VERSION = 5.0;
				TARGETED_DEVICE_FAMILY = "1,2";
			};
			name = Release;
		};
/* End XCBuildConfiguration section */

/* Begin XCConfigurationList section */
		805506BC2721EF5600C52DA0 /* Build configuration list for PBXProject "Favourite Things" */ = {
			isa = XCConfigurationList;
			buildConfigurations = (
				805506CD2721EF5E00C52DA0 /* Debug */,
				805506CE2721EF5E00C52DA0 /* Release */,
			);
			defaultConfigurationIsVisible = 0;
			defaultConfigurationName = Release;
		};
		805506CF2721EF5E00C52DA0 /* Build configuration list for PBXNativeTarget "Favourite Things" */ = {
			isa = XCConfigurationList;
			buildConfigurations = (
				805506D02721EF5E00C52DA0 /* Debug */,
				805506D12721EF5E00C52DA0 /* Release */,
			);
			defaultConfigurationIsVisible = 0;
			defaultConfigurationName = Release;
		};
/* End XCConfigurationList section */
	};
	rootObject = 805506B92721EF5600C52DA0 /* Project object */;
}
